// !$*UTF8*$!
{
	archiveVersion = 1;
	classes = {
	};
	objectVersion = 46;
	objects = {

/* Begin PBXBuildFile section */
		FE0C50F51EB5F166008F4A0E /* AppDelegate.swift in Sources */ = {isa = PBXBuildFile; fileRef = FE0C50F41EB5F166008F4A0E /* AppDelegate.swift */; };
		FE0C50FA1EB5F166008F4A0E /* Main.storyboard in Resources */ = {isa = PBXBuildFile; fileRef = FE0C50F81EB5F166008F4A0E /* Main.storyboard */; };
		FE0C50FC1EB5F166008F4A0E /* Assets.xcassets in Resources */ = {isa = PBXBuildFile; fileRef = FE0C50FB1EB5F166008F4A0E /* Assets.xcassets */; };
		FE0C50FF1EB5F166008F4A0E /* LaunchScreen.storyboard in Resources */ = {isa = PBXBuildFile; fileRef = FE0C50FD1EB5F166008F4A0E /* LaunchScreen.storyboard */; };
		FE4F03661EB8A03E00B24F4F /* PureTextNote.swift in Sources */ = {isa = PBXBuildFile; fileRef = FE4F03651EB8A03E00B24F4F /* PureTextNote.swift */; };
		FEDF9FBD1EB8AD310070F247 /* template.txt in Resources */ = {isa = PBXBuildFile; fileRef = FEDF9FBC1EB8AD310070F247 /* template.txt */; };
/* End PBXBuildFile section */

/* Begin PBXFileReference section */
		FE0C50F11EB5F166008F4A0E /* SimpleNote.app */ = {isa = PBXFileReference; explicitFileType = wrapper.application; includeInIndex = 0; path = SimpleNote.app; sourceTree = BUILT_PRODUCTS_DIR; };
		FE0C50F41EB5F166008F4A0E /* AppDelegate.swift */ = {isa = PBXFileReference; lastKnownFileType = sourcecode.swift; path = AppDelegate.swift; sourceTree = "<group>"; };
		FE0C50F91EB5F166008F4A0E /* Base */ = {isa = PBXFileReference; lastKnownFileType = file.storyboard; name = Base; path = Base.lproj/Main.storyboard; sourceTree = "<group>"; };
		FE0C50FB1EB5F166008F4A0E /* Assets.xcassets */ = {isa = PBXFileReference; lastKnownFileType = folder.assetcatalog; path = Assets.xcassets; sourceTree = "<group>"; };
		FE0C50FE1EB5F166008F4A0E /* Base */ = {isa = PBXFileReference; lastKnownFileType = file.storyboard; name = Base; path = Base.lproj/LaunchScreen.storyboard; sourceTree = "<group>"; };
		FE0C51001EB5F166008F4A0E /* Info.plist */ = {isa = PBXFileReference; lastKnownFileType = text.plist.xml; path = Info.plist; sourceTree = "<group>"; };
		FE4F03651EB8A03E00B24F4F /* PureTextNote.swift */ = {isa = PBXFileReference; fileEncoding = 4; lastKnownFileType = sourcecode.swift; path = PureTextNote.swift; sourceTree = "<group>"; };
		FEDF9FBC1EB8AD310070F247 /* template.txt */ = {isa = PBXFileReference; fileEncoding = 4; lastKnownFileType = text; path = template.txt; sourceTree = "<group>"; };
/* End PBXFileReference section */

/* Begin PBXFrameworksBuildPhase section */
		FE0C50EE1EB5F166008F4A0E /* Frameworks */ = {
			isa = PBXFrameworksBuildPhase;
			buildActionMask = 2147483647;
			files = (
			);
			runOnlyForDeploymentPostprocessing = 0;
		};
/* End PBXFrameworksBuildPhase section */

/* Begin PBXGroup section */
		FE0C50E81EB5F166008F4A0E = {
			isa = PBXGroup;
			children = (
				FE0C50F31EB5F166008F4A0E /* SimpleNote */,
				FE0C50F21EB5F166008F4A0E /* Products */,
			);
			sourceTree = "<group>";
		};
		FE0C50F21EB5F166008F4A0E /* Products */ = {
			isa = PBXGroup;
			children = (
				FE0C50F11EB5F166008F4A0E /* SimpleNote.app */,
			);
			name = Products;
			sourceTree = "<group>";
		};
		FE0C50F31EB5F166008F4A0E /* SimpleNote */ = {
			isa = PBXGroup;
			children = (
				FE0C50F41EB5F166008F4A0E /* AppDelegate.swift */,
				FE4F03651EB8A03E00B24F4F /* PureTextNote.swift */,
				FEDF9FBC1EB8AD310070F247 /* template.txt */,
				FE0C50F81EB5F166008F4A0E /* Main.storyboard */,
				FE0C50FB1EB5F166008F4A0E /* Assets.xcassets */,
				FE0C50FD1EB5F166008F4A0E /* LaunchScreen.storyboard */,
				FE0C51001EB5F166008F4A0E /* Info.plist */,
			);
			path = SimpleNote;
			sourceTree = "<group>";
		};
/* End PBXGroup section */

/* Begin PBXNativeTarget section */
		FE0C50F01EB5F166008F4A0E /* SimpleNote */ = {
			isa = PBXNativeTarget;
			buildConfigurationList = FE0C51031EB5F166008F4A0E /* Build configuration list for PBXNativeTarget "SimpleNote" */;
			buildPhases = (
				FE0C51061EB5F192008F4A0E /* Swiftlint */,
				FE0C50ED1EB5F166008F4A0E /* Sources */,
				FE0C50EE1EB5F166008F4A0E /* Frameworks */,
				FE0C50EF1EB5F166008F4A0E /* Resources */,
			);
			buildRules = (
			);
			dependencies = (
			);
			name = SimpleNote;
			productName = SimpleNote;
			productReference = FE0C50F11EB5F166008F4A0E /* SimpleNote.app */;
			productType = "com.apple.product-type.application";
		};
/* End PBXNativeTarget section */

/* Begin PBXProject section */
		FE0C50E91EB5F166008F4A0E /* Project object */ = {
			isa = PBXProject;
			attributes = {
				LastSwiftUpdateCheck = 0830;
				LastUpgradeCheck = 0830;
				ORGANIZATIONNAME = sodastsai;
				TargetAttributes = {
					FE0C50F01EB5F166008F4A0E = {
						CreatedOnToolsVersion = 8.3.1;
						DevelopmentTeam = KPFF548763;
						ProvisioningStyle = Automatic;
					};
				};
			};
			buildConfigurationList = FE0C50EC1EB5F166008F4A0E /* Build configuration list for PBXProject "SimpleNote" */;
			compatibilityVersion = "Xcode 3.2";
			developmentRegion = English;
			hasScannedForEncodings = 0;
			knownRegions = (
				en,
				Base,
			);
			mainGroup = FE0C50E81EB5F166008F4A0E;
			productRefGroup = FE0C50F21EB5F166008F4A0E /* Products */;
			projectDirPath = "";
			projectRoot = "";
			targets = (
				FE0C50F01EB5F166008F4A0E /* SimpleNote */,
			);
		};
/* End PBXProject section */

/* Begin PBXResourcesBuildPhase section */
		FE0C50EF1EB5F166008F4A0E /* Resources */ = {
			isa = PBXResourcesBuildPhase;
			buildActionMask = 2147483647;
			files = (
				FE0C50FF1EB5F166008F4A0E /* LaunchScreen.storyboard in Resources */,
				FE0C50FC1EB5F166008F4A0E /* Assets.xcassets in Resources */,
				FEDF9FBD1EB8AD310070F247 /* template.txt in Resources */,
				FE0C50FA1EB5F166008F4A0E /* Main.storyboard in Resources */,
			);
			runOnlyForDeploymentPostprocessing = 0;
		};
/* End PBXResourcesBuildPhase section */

/* Begin PBXShellScriptBuildPhase section */
		FE0C51061EB5F192008F4A0E /* Swiftlint */ = {
			isa = PBXShellScriptBuildPhase;
			buildActionMask = 2147483647;
			files = (
			);
			inputPaths = (
			);
			name = Swiftlint;
			outputPaths = (
			);
			runOnlyForDeploymentPostprocessing = 0;
			shellPath = /bin/sh;
			shellScript = "which swiftlint 1>/dev/null 2>&1 && swiftlint lint --path ${SOURCE_ROOT}/SimpleNote || true";
			showEnvVarsInLog = 0;
		};
/* End PBXShellScriptBuildPhase section */

/* Begin PBXSourcesBuildPhase section */
		FE0C50ED1EB5F166008F4A0E /* Sources */ = {
			isa = PBXSourcesBuildPhase;
			buildActionMask = 2147483647;
			files = (
				FE4F03661EB8A03E00B24F4F /* PureTextNote.swift in Sources */,
				FE0C50F51EB5F166008F4A0E /* AppDelegate.swift in Sources */,
			);
			runOnlyForDeploymentPostprocessing = 0;
		};
/* End PBXSourcesBuildPhase section */

/* Begin PBXVariantGroup section */
		FE0C50F81EB5F166008F4A0E /* Main.storyboard */ = {
			isa = PBXVariantGroup;
			children = (
				FE0C50F91EB5F166008F4A0E /* Base */,
			);
			name = Main.storyboard;
			sourceTree = "<group>";
		};
		FE0C50FD1EB5F166008F4A0E /* LaunchScreen.storyboard */ = {
			isa = PBXVariantGroup;
			children = (
				FE0C50FE1EB5F166008F4A0E /* Base */,
			);
			name = LaunchScreen.storyboard;
			sourceTree = "<group>";
		};
/* End PBXVariantGroup section */

/* Begin XCBuildConfiguration section */
		FE0C51011EB5F166008F4A0E /* Debug */ = {
			isa = XCBuildConfiguration;
			buildSettings = {
				ALWAYS_SEARCH_USER_PATHS = NO;
				CLANG_ANALYZER_NONNULL = YES;
				CLANG_ANALYZER_NUMBER_OBJECT_CONVERSION = YES_AGGRESSIVE;
				CLANG_CXX_LANGUAGE_STANDARD = "gnu++0x";
				CLANG_CXX_LIBRARY = "libc++";
				CLANG_ENABLE_MODULES = YES;
				CLANG_ENABLE_OBJC_ARC = YES;
				CLANG_WARN_BOOL_CONVERSION = YES;
				CLANG_WARN_CONSTANT_CONVERSION = YES;
				CLANG_WARN_DIRECT_OBJC_ISA_USAGE = YES_ERROR;
				CLANG_WARN_DOCUMENTATION_COMMENTS = YES;
				CLANG_WARN_EMPTY_BODY = YES;
				CLANG_WARN_ENUM_CONVERSION = YES;
				CLANG_WARN_INFINITE_RECURSION = YES;
				CLANG_WARN_INT_CONVERSION = YES;
				CLANG_WARN_OBJC_ROOT_CLASS = YES_ERROR;
				CLANG_WARN_SUSPICIOUS_MOVE = YES;
				CLANG_WARN_UNREACHABLE_CODE = YES;
				CLANG_WARN__DUPLICATE_METHOD_MATCH = YES;
				"CODE_SIGN_IDENTITY[sdk=iphoneos*]" = "iPhone Developer";
				COPY_PHASE_STRIP = NO;
				DEBUG_INFORMATION_FORMAT = dwarf;
				ENABLE_STRICT_OBJC_MSGSEND = YES;
				ENABLE_TESTABILITY = YES;
				GCC_C_LANGUAGE_STANDARD = gnu99;
				GCC_DYNAMIC_NO_PIC = NO;
				GCC_NO_COMMON_BLOCKS = YES;
				GCC_OPTIMIZATION_LEVEL = 0;
				GCC_PREPROCESSOR_DEFINITIONS = (
					"DEBUG=1",
					"$(inherited)",
				);
				GCC_WARN_64_TO_32_BIT_CONVERSION = YES;
				GCC_WARN_ABOUT_RETURN_TYPE = YES_ERROR;
				GCC_WARN_UNDECLARED_SELECTOR = YES;
				GCC_WARN_UNINITIALIZED_AUTOS = YES_AGGRESSIVE;
				GCC_WARN_UNUSED_FUNCTION = YES;
				GCC_WARN_UNUSED_VARIABLE = YES;
				IPHONEOS_DEPLOYMENT_TARGET = 10.3;
				MTL_ENABLE_DEBUG_INFO = YES;
				ONLY_ACTIVE_ARCH = YES;
				SDKROOT = iphoneos;
				SWIFT_ACTIVE_COMPILATION_CONDITIONS = DEBUG;
				SWIFT_OPTIMIZATION_LEVEL = "-Onone";
			};
			name = Debug;
		};
		FE0C51021EB5F166008F4A0E /* Release */ = {
			isa = XCBuildConfiguration;
			buildSettings = {
				ALWAYS_SEARCH_USER_PATHS = NO;
				CLANG_ANALYZER_NONNULL = YES;
				CLANG_ANALYZER_NUMBER_OBJECT_CONVERSION = YES_AGGRESSIVE;
				CLANG_CXX_LANGUAGE_STANDARD = "gnu++0x";
				CLANG_CXX_LIBRARY = "libc++";
				CLANG_ENABLE_MODULES = YES;
				CLANG_ENABLE_OBJC_ARC = YES;
				CLANG_WARN_BOOL_CONVERSION = YES;
				CLANG_WARN_CONSTANT_CONVERSION = YES;
				CLANG_WARN_DIRECT_OBJC_ISA_USAGE = YES_ERROR;
				CLANG_WARN_DOCUMENTATION_COMMENTS = YES;
				CLANG_WARN_EMPTY_BODY = YES;
				CLANG_WARN_ENUM_CONVERSION = YES;
				CLANG_WARN_INFINITE_RECURSION = YES;
				CLANG_WARN_INT_CONVERSION = YES;
				CLANG_WARN_OBJC_ROOT_CLASS = YES_ERROR;
				CLANG_WARN_SUSPICIOUS_MOVE = YES;
				CLANG_WARN_UNREACHABLE_CODE = YES;
				CLANG_WARN__DUPLICATE_METHOD_MATCH = YES;
				"CODE_SIGN_IDENTITY[sdk=iphoneos*]" = "iPhone Developer";
				COPY_PHASE_STRIP = NO;
				DEBUG_INFORMATION_FORMAT = "dwarf-with-dsym";
				ENABLE_NS_ASSERTIONS = NO;
				ENABLE_STRICT_OBJC_MSGSEND = YES;
				GCC_C_LANGUAGE_STANDARD = gnu99;
				GCC_NO_COMMON_BLOCKS = YES;
				GCC_WARN_64_TO_32_BIT_CONVERSION = YES;
				GCC_WARN_ABOUT_RETURN_TYPE = YES_ERROR;
				GCC_WARN_UNDECLARED_SELECTOR = YES;
				GCC_WARN_UNINITIALIZED_AUTOS = YES_AGGRESSIVE;
				GCC_WARN_UNUSED_FUNCTION = YES;
				GCC_WARN_UNUSED_VARIABLE = YES;
				IPHONEOS_DEPLOYMENT_TARGET = 10.3;
				MTL_ENABLE_DEBUG_INFO = NO;
				SDKROOT = iphoneos;
				SWIFT_OPTIMIZATION_LEVEL = "-Owholemodule";
				VALIDATE_PRODUCT = YES;
			};
			name = Release;
		};
		FE0C51041EB5F166008F4A0E /* Debug */ = {
			isa = XCBuildConfiguration;
			buildSettings = {
				ASSETCATALOG_COMPILER_APPICON_NAME = AppIcon;
				DEVELOPMENT_TEAM = KPFF548763;
				INFOPLIST_FILE = SimpleNote/Info.plist;
				LD_RUNPATH_SEARCH_PATHS = "$(inherited) @executable_path/Frameworks";
				PRODUCT_BUNDLE_IDENTIFIER = tw.sodas.SimpleNote;
				PRODUCT_NAME = "$(TARGET_NAME)";
				SWIFT_VERSION = 3.0;
			};
			name = Debug;
		};
		FE0C51051EB5F166008F4A0E /* Release */ = {
			isa = XCBuildConfiguration;
			buildSettings = {
				ASSETCATALOG_COMPILER_APPICON_NAME = AppIcon;
				DEVELOPMENT_TEAM = KPFF548763;
				INFOPLIST_FILE = SimpleNote/Info.plist;
				LD_RUNPATH_SEARCH_PATHS = "$(inherited) @executable_path/Frameworks";
				PRODUCT_BUNDLE_IDENTIFIER = tw.sodas.SimpleNote;
				PRODUCT_NAME = "$(TARGET_NAME)";
				SWIFT_VERSION = 3.0;
			};
			name = Release;
		};
/* End XCBuildConfiguration section */

/* Begin XCConfigurationList section */
		FE0C50EC1EB5F166008F4A0E /* Build configuration list for PBXProject "SimpleNote" */ = {
			isa = XCConfigurationList;
			buildConfigurations = (
				FE0C51011EB5F166008F4A0E /* Debug */,
				FE0C51021EB5F166008F4A0E /* Release */,
			);
			defaultConfigurationIsVisible = 0;
			defaultConfigurationName = Release;
		};
		FE0C51031EB5F166008F4A0E /* Build configuration list for PBXNativeTarget "SimpleNote" */ = {
			isa = XCConfigurationList;
			buildConfigurations = (
				FE0C51041EB5F166008F4A0E /* Debug */,
				FE0C51051EB5F166008F4A0E /* Release */,
			);
			defaultConfigurationIsVisible = 0;
			defaultConfigurationName = Release;
		};
/* End XCConfigurationList section */
	};
	rootObject = FE0C50E91EB5F166008F4A0E /* Project object */;
}
